
Microsoft Visual Studio Solution File, Format Version 11.00
# Visual Studio 2010
Project("{FAE04EC0-301F-11D3-BF4B-00C04F79EFBC}") = "Jint.Ex.iOS.App", "Jint.Ex.iOS\Jint.Ex.iOS.App.csproj", "{1516AE5D-C00E-4973-A634-3E16BD061685}"
EndProject
Project("{FAE04EC0-301F-11D3-BF4B-00C04F79EFBC}") = "Jint", "..\..\..\Jint\Jint.csproj", "{678738DA-F723-4920-B9E5-CAD667104BDA}"
EndProject
Project("{FAE04EC0-301F-11D3-BF4B-00C04F79EFBC}") = "Jint.Ex.iOS", "..\Jint.Ex.iOS.csproj", "{7360D2DA-3ACE-43A6-8666-2773A96C6BEA}"
EndProject
Global
	GlobalSection(SolutionConfigurationPlatforms) = preSolution
		Debug|iPhoneSimulator = Debug|iPhoneSimulator
		Release|iPhoneSimulator = Release|iPhoneSimulator
		Debug|iPhone = Debug|iPhone
		Release|iPhone = Release|iPhone
		Ad-Hoc|iPhone = Ad-Hoc|iPhone
		AppStore|iPhone = AppStore|iPhone
	EndGlobalSection
	GlobalSection(ProjectConfigurationPlatforms) = postSolution
		{1516AE5D-C00E-4973-A634-3E16BD061685}.Ad-Hoc|iPhone.ActiveCfg = Ad-Hoc|iPhone
		{1516AE5D-C00E-4973-A634-3E16BD061685}.Ad-Hoc|iPhone.Build.0 = Ad-Hoc|iPhone
		{1516AE5D-C00E-4973-A634-3E16BD061685}.AppStore|iPhone.ActiveCfg = AppStore|iPhone
		{1516AE5D-C00E-4973-A634-3E16BD061685}.AppStore|iPhone.Build.0 = AppStore|iPhone
		{1516AE5D-C00E-4973-A634-3E16BD061685}.Debug|iPhone.ActiveCfg = Debug|iPhone
		{1516AE5D-C00E-4973-A634-3E16BD061685}.Debug|iPhone.Build.0 = Debug|iPhone
		{1516AE5D-C00E-4973-A634-3E16BD061685}.Debug|iPhoneSimulator.ActiveCfg = Debug|iPhoneSimulator
		{1516AE5D-C00E-4973-A634-3E16BD061685}.Debug|iPhoneSimulator.Build.0 = Debug|iPhoneSimulator
		{1516AE5D-C00E-4973-A634-3E16BD061685}.Release|iPhone.ActiveCfg = Release|iPhone
		{1516AE5D-C00E-4973-A634-3E16BD061685}.Release|iPhone.Build.0 = Release|iPhone
		{1516AE5D-C00E-4973-A634-3E16BD061685}.Release|iPhoneSimulator.ActiveCfg = Release|iPhoneSimulator
		{1516AE5D-C00E-4973-A634-3E16BD061685}.Release|iPhoneSimulator.Build.0 = Release|iPhoneSimulator
		{678738DA-F723-4920-B9E5-CAD667104BDA}.Ad-Hoc|iPhone.ActiveCfg = Release|Any CPU
		{678738DA-F723-4920-B9E5-CAD667104BDA}.Ad-Hoc|iPhone.Build.0 = Release|Any CPU
		{678738DA-F723-4920-B9E5-CAD667104BDA}.AppStore|iPhone.ActiveCfg = Release|Any CPU
		{678738DA-F723-4920-B9E5-CAD667104BDA}.AppStore|iPhone.Build.0 = Release|Any CPU
		{678738DA-F723-4920-B9E5-CAD667104BDA}.Debug|iPhone.ActiveCfg = Debug|Any CPU
		{678738DA-F723-4920-B9E5-CAD667104BDA}.Debug|iPhone.Build.0 = Debug|Any CPU
		{678738DA-F723-4920-B9E5-CAD667104BDA}.Debug|iPhoneSimulator.ActiveCfg = Debug|Any CPU
		{678738DA-F723-4920-B9E5-CAD667104BDA}.Debug|iPhoneSimulator.Build.0 = Debug|Any CPU
		{678738DA-F723-4920-B9E5-CAD667104BDA}.Release|iPhone.ActiveCfg = Release|Any CPU
		{678738DA-F723-4920-B9E5-CAD667104BDA}.Release|iPhone.Build.0 = Release|Any CPU
		{678738DA-F723-4920-B9E5-CAD667104BDA}.Release|iPhoneSimulator.ActiveCfg = Release|Any CPU
		{678738DA-F723-4920-B9E5-CAD667104BDA}.Release|iPhoneSimulator.Build.0 = Release|Any CPU
		{7360D2DA-3ACE-43A6-8666-2773A96C6BEA}.Ad-Hoc|iPhone.ActiveCfg = Release|Any CPU
		{7360D2DA-3ACE-43A6-8666-2773A96C6BEA}.Ad-Hoc|iPhone.Build.0 = Release|Any CPU
		{7360D2DA-3ACE-43A6-8666-2773A96C6BEA}.AppStore|iPhone.ActiveCfg = Release|Any CPU
		{7360D2DA-3ACE-43A6-8666-2773A96C6BEA}.AppStore|iPhone.Build.0 = Release|Any CPU
		{7360D2DA-3ACE-43A6-8666-2773A96C6BEA}.Debug|iPhone.ActiveCfg = Debug|Any CPU
		{7360D2DA-3ACE-43A6-8666-2773A96C6BEA}.Debug|iPhone.Build.0 = Debug|Any CPU
		{7360D2DA-3ACE-43A6-8666-2773A96C6BEA}.Debug|iPhoneSimulator.ActiveCfg = Debug|Any CPU
		{7360D2DA-3ACE-43A6-8666-2773A96C6BEA}.Debug|iPhoneSimulator.Build.0 = Debug|Any CPU
		{7360D2DA-3ACE-43A6-8666-2773A96C6BEA}.Release|iPhone.ActiveCfg = Release|Any CPU
		{7360D2DA-3ACE-43A6-8666-2773A96C6BEA}.Release|iPhone.Build.0 = Release|Any CPU
		{7360D2DA-3ACE-43A6-8666-2773A96C6BEA}.Release|iPhoneSimulator.ActiveCfg = Release|Any CPU
		{7360D2DA-3ACE-43A6-8666-2773A96C6BEA}.Release|iPhoneSimulator.Build.0 = Release|Any CPU
	EndGlobalSection
	GlobalSection(MonoDevelopProperties) = preSolution
		StartupItem = Jint.Ex.iOS\Jint.Ex.iOS.App.csproj
	EndGlobalSection
EndGlobal
